
Microsoft Visual Studio Solution File, Format Version 12.00
# Visual Studio 15
VisualStudioVersion = 15.0.28307.421
MinimumVisualStudioVersion = 10.0.40219.1
Project("{FAE04EC0-301F-11D3-BF4B-00C04F79EFBC}") = "Avance", "Avance\Avance.csproj", "{A2706F58-B2AF-4396-9F6D-827F5DAE8F12}"
EndProject
Global
	GlobalSection(SolutionConfigurationPlatforms) = preSolution
		Debug|Any CPU = Debug|Any CPU
		Release|Any CPU = Release|Any CPU
	EndGlobalSection
	GlobalSection(ProjectConfigurationPlatforms) = postSolution
		{A2706F58-B2AF-4396-9F6D-827F5DAE8F12}.Debug|Any CPU.ActiveCfg = Debug|Any CPU
		{A2706F58-B2AF-4396-9F6D-827F5DAE8F12}.Debug|Any CPU.Build.0 = Debug|Any CPU
		{A2706F58-B2AF-4396-9F6D-827F5DAE8F12}.Release|Any CPU.ActiveCfg = Release|Any CPU
		{A2706F58-B2AF-4396-9F6D-827F5DAE8F12}.Release|Any CPU.Build.0 = Release|Any CPU
	EndGlobalSection
	GlobalSection(SolutionProperties) = preSolution
		HideSolutionNode = FALSE
	EndGlobalSection
	GlobalSection(ExtensibilityGlobals) = postSolution
		SolutionGuid = {437CDF55-397B-4A6B-A374-63937EBABCB5}
	EndGlobalSection
EndGlobal
